
Microsoft Visual Studio Solution File, Format Version 12.00
Project("{FAE04EC0-301F-11D3-BF4B-00C04F79EFBC}") = "szyfrowanie", "szyfrowanie\szyfrowanie.csproj", "{8FF3F65F-DA70-4C28-BE6F-08E222EC849A}"
EndProject
Global
	GlobalSection(SolutionConfigurationPlatforms) = preSolution
		Debug|Any CPU = Debug|Any CPU
		Release|Any CPU = Release|Any CPU
	EndGlobalSection
	GlobalSection(ProjectConfigurationPlatforms) = postSolution
		{8FF3F65F-DA70-4C28-BE6F-08E222EC849A}.Debug|Any CPU.ActiveCfg = Debug|Any CPU
		{8FF3F65F-DA70-4C28-BE6F-08E222EC849A}.Debug|Any CPU.Build.0 = Debug|Any CPU
		{8FF3F65F-DA70-4C28-BE6F-08E222EC849A}.Release|Any CPU.ActiveCfg = Release|Any CPU
		{8FF3F65F-DA70-4C28-BE6F-08E222EC849A}.Release|Any CPU.Build.0 = Release|Any CPU
	EndGlobalSection
EndGlobal
